{
  "name": "bassipy",
  "lockfileVersion": 3,
  "requires": true,
  "packages": {
    "": {
      "dependencies": {
        "deno": "^2.7.4"
      }
    },
    "node_modules/@deno/darwin-arm64": {
      "version": "2.7.4",
      "resolved": "https://registry.npmjs.org/@deno/darwin-arm64/-/darwin-arm64-2.7.4.tgz",
      "integrity": "sha512-PmO7ZtaZWCcPMGOXCi2l6T9Y+ok8V5C4uQer13PWGhOpiicuAF37CSH41vVOu/Yfv8EtUy0oBkG38l1TcEcyGg==",
      "cpu": [
        "arm64"
      ],
      "license": "MIT",
      "optional": true,
      "os": [
        "darwin"
      ]
    },
    "node_modules/@deno/darwin-x64": {
      "version": "2.7.4",
      "resolved": "https://registry.npmjs.org/@deno/darwin-x64/-/darwin-x64-2.7.4.tgz",
      "integrity": "sha512-tYkk6ph2MlzqTJHpXt2U4mrRlnwJjF2ol2QmhjZAtKyIha2c1x5xMMGGJcHqljfZCJDV+fPTDsL11Dq0YSGLqA==",
      "cpu": [
        "x64"
      ],
      "license": "MIT",
      "optional": true,
      "os": [
        "darwin"
      ]
    },
    "node_modules/@deno/linux-arm64-glibc": {
      "version": "2.7.4",
      "resolved": "https://registry.npmjs.org/@deno/linux-arm64-glibc/-/linux-arm64-glibc-2.7.4.tgz",
      "integrity": "sha512-ni+3pPa/3wZwFrJkXutdK8TZsUHFt0kV2hNa6guyTRF5LTL1HzvIRnHmqUDmurLn09ZK+nhxGvEfGNIl8TQx5A==",
      "cpu": [
        "arm64"
      ],
      "libc": [
        "glibc"
      ],
      "license": "MIT",
      "optional": true,
      "os": [
        "linux"
      ]
    },
    "node_modules/@deno/linux-x64-glibc": {
      "version": "2.7.4",
      "resolved": "https://registry.npmjs.org/@deno/linux-x64-glibc/-/linux-x64-glibc-2.7.4.tgz",
      "integrity": "sha512-bhwwGHskOHbJMkvQYnEvLzzDKJ3iZCQD9331wBCI3eS6oiOMxqk0AxXfN5rxginCmRAa09SpIIIben7x7CHbBw==",
      "cpu": [
        "x64"
      ],
      "libc": [
        "glibc"
      ],
      "license": "MIT",
      "optional": true,
      "os": [
        "linux"
      ]
    },
    "node_modules/@deno/win32-arm64": {
      "version": "2.7.4",
      "resolved": "https://registry.npmjs.org/@deno/win32-arm64/-/win32-arm64-2.7.4.tgz",
      "integrity": "sha512-rGPkxGe/a/bT38vBnLxirP9FnLUUo8AMjhGGy4miOWWVxjhIMZkj9Q57Fzk0IHULSOiEVKgo2WNZMAc9XVuRlg==",
      "cpu": [
        "arm64"
      ],
      "license": "MIT",
      "optional": true,
      "os": [
        "win32"
      ]
    },
    "node_modules/@deno/win32-x64": {
      "version": "2.7.4",
      "resolved": "https://registry.npmjs.org/@deno/win32-x64/-/win32-x64-2.7.4.tgz",
      "integrity": "sha512-GUoOTDOqu38LMMJ35OQ/9K++D7HHcqUEaP3DybrHw2mGqoOtv88mV6y8l6iZyY/YjpfgadooGhFOO/j6Jv2D4w==",
      "cpu": [
        "x64"
      ],
      "license": "MIT",
      "optional": true,
      "os": [
        "win32"
      ]
    },
    "node_modules/deno": {
      "version": "2.7.4",
      "resolved": "https://registry.npmjs.org/deno/-/deno-2.7.4.tgz",
      "integrity": "sha512-PuD97c34jTVecN85U4KiMtzxcS5U0RvryT3gpYoT5iW+GB5wOE149ntXNzaYDd9USE68/J8CsNORWSTdNEc03g==",
      "hasInstallScript": true,
      "license": "MIT",
      "bin": {
        "deno": "bin.cjs"
      },
      "optionalDependencies": {
        "@deno/darwin-arm64": "2.7.4",
        "@deno/darwin-x64": "2.7.4",
        "@deno/linux-arm64-glibc": "2.7.4",
        "@deno/linux-x64-glibc": "2.7.4",
        "@deno/win32-arm64": "2.7.4",
        "@deno/win32-x64": "2.7.4"
      }
    }
  }
}
